schema_version: '1.0'
document:
  kind: semantic_authority_lock
  version: 1.0.0
  status: active
  path: governance/semantic-lock.yml
contracts:
  semantic_families: 08bcd173332a69d0865279614f002c2205ec0a27d913037a84594cc9db3cb034
  application_operations: b6bca9ed366aa63e455242e1651cd7424dcc915f138f2c3e1ca6242d9a16c402
  canonical_representations: 0c6629da96306815216cf3fff8fbbfee3bce89950e1bb582f7e8199bf4b60e36
source_inventory_sha256: 4a38128a908f64807c2da97c5bdcccd0577e834fa699c351e2e676cdcba5510d
projection_outputs:
- {path: bcf_governance/pack/template-repo/scripts/_bcf_runtime/check_governance_exposure.py, canonical_source: bcf_governance/tooling/check_governance_exposure.py, recipe_sha256: 5fa9cda3c75b3182c541e6a1dd754c3efcaa862c56f9ee83553dcec3869abcb6, source_sha256: 1cb6a99dfe62dee3defd3d08b87a9f2e0485d63c0bea5573cd58e7a4ebcc2168, output_sha256: 1cb6a99dfe62dee3defd3d08b87a9f2e0485d63c0bea5573cd58e7a4ebcc2168}
- {path: bcf_governance/pack/template-repo/scripts/_bcf_runtime/ci_authority_certification.py, canonical_source: bcf_governance/tooling/ci_authority_certification.py, recipe_sha256: 5fa9cda3c75b3182c541e6a1dd754c3efcaa862c56f9ee83553dcec3869abcb6, source_sha256: ddd9c118621c22aae4fdc0ea901dbfe6499832cf2d870285f711d4ea174cb924, output_sha256: ddd9c118621c22aae4fdc0ea901dbfe6499832cf2d870285f711d4ea174cb924}
- {path: bcf_governance/pack/template-repo/scripts/_bcf_runtime/ci_authority_contracts.py, canonical_source: bcf_governance/tooling/ci_authority_contracts.py, recipe_sha256: 5fa9cda3c75b3182c541e6a1dd754c3efcaa862c56f9ee83553dcec3869abcb6, source_sha256: 41ddc5c9ee21a68649e730f78fad3400d8b928e66b3580a958412273aa915fe2, output_sha256: 41ddc5c9ee21a68649e730f78fad3400d8b928e66b3580a958412273aa915fe2}
- {path: bcf_governance/pack/template-repo/scripts/_bcf_runtime/ci_authority_decisions.py, canonical_source: bcf_governance/tooling/ci_authority_decisions.py, recipe_sha256: 5fa9cda3c75b3182c541e6a1dd754c3efcaa862c56f9ee83553dcec3869abcb6, source_sha256: 77ef52a1f4d476a89ba20e8841a7f4d5986373ae9e59c227202046adcb0a2be3, output_sha256: 77ef52a1f4d476a89ba20e8841a7f4d5986373ae9e59c227202046adcb0a2be3}
- {path: bcf_governance/pack/template-repo/scripts/_bcf_runtime/ci_authority_pins.py, canonical_source: bcf_governance/tooling/ci_authority_pins.py, recipe_sha256: 5fa9cda3c75b3182c541e6a1dd754c3efcaa862c56f9ee83553dcec3869abcb6, source_sha256: 546e8a73d47ba8561039f689e86b19b45f3ecce73ee2aeabe14e02869ab93842, output_sha256: 546e8a73d47ba8561039f689e86b19b45f3ecce73ee2aeabe14e02869ab93842}
- {path: bcf_governance/pack/template-repo/scripts/_bcf_runtime/ci_authority_state.py, canonical_source: bcf_governance/tooling/ci_authority_state.py, recipe_sha256: 5fa9cda3c75b3182c541e6a1dd754c3efcaa862c56f9ee83553dcec3869abcb6, source_sha256: bab5772b54aba781f3298a40063be3349183a108487d92b3c3b0874764d22d4d, output_sha256: bab5772b54aba781f3298a40063be3349183a108487d92b3c3b0874764d22d4d}
- {path: bcf_governance/pack/template-repo/scripts/_bcf_runtime/ci_github.py, canonical_source: bcf_governance/tooling/ci_github.py, recipe_sha256: 5fa9cda3c75b3182c541e6a1dd754c3efcaa862c56f9ee83553dcec3869abcb6, source_sha256: 650dbaf16acbfe2e9f2555cd79f16608aa38bdfa3f0865efe4aea8a894234fa3, output_sha256: 650dbaf16acbfe2e9f2555cd79f16608aa38bdfa3f0865efe4aea8a894234fa3}
- {path: bcf_governance/pack/template-repo/scripts/_bcf_runtime/ci_github_artifacts.py, canonical_source: bcf_governance/tooling/ci_github_artifacts.py, recipe_sha256: 5fa9cda3c75b3182c541e6a1dd754c3efcaa862c56f9ee83553dcec3869abcb6, source_sha256: 1e39d11e915c947c416d93d5fdf9f99af7c405f038b7b8fd16e4fc4dc43b18f7, output_sha256: 1e39d11e915c947c416d93d5fdf9f99af7c405f038b7b8fd16e4fc4dc43b18f7}
- {path: bcf_governance/pack/template-repo/scripts/_bcf_runtime/ci_github_callbacks.py, canonical_source: bcf_governance/tooling/ci_github_callbacks.py, recipe_sha256: 5fa9cda3c75b3182c541e6a1dd754c3efcaa862c56f9ee83553dcec3869abcb6, source_sha256: bf95ea1d91af0b0167b01598333ea95c7d3d4d4299516772863a1cd5eaa98069, output_sha256: bf95ea1d91af0b0167b01598333ea95c7d3d4d4299516772863a1cd5eaa98069}
- {path: bcf_governance/pack/template-repo/scripts/_bcf_runtime/ci_github_canary.py, canonical_source: bcf_governance/tooling/ci_github_canary.py, recipe_sha256: 5fa9cda3c75b3182c541e6a1dd754c3efcaa862c56f9ee83553dcec3869abcb6, source_sha256: 5ca3ee10dadb7c43dcfe66b2e220f0ff607154db5eaaadea4d005cdc8b043749, output_sha256: 5ca3ee10dadb7c43dcfe66b2e220f0ff607154db5eaaadea4d005cdc8b043749}
- {path: bcf_governance/pack/template-repo/scripts/_bcf_runtime/ci_github_downloads.py, canonical_source: bcf_governance/tooling/ci_github_downloads.py, recipe_sha256: 5fa9cda3c75b3182c541e6a1dd754c3efcaa862c56f9ee83553dcec3869abcb6, source_sha256: 215afe9c81268eae13e3022af3020f8b7f8b0a839ffe4f5ca4b9186d41990054, output_sha256: 215afe9c81268eae13e3022af3020f8b7f8b0a839ffe4f5ca4b9186d41990054}
- {path: bcf_governance/pack/template-repo/scripts/_bcf_runtime/ci_github_identity.py, canonical_source: bcf_governance/tooling/ci_github_identity.py, recipe_sha256: 5fa9cda3c75b3182c541e6a1dd754c3efcaa862c56f9ee83553dcec3869abcb6, source_sha256: e94167a24862b4dbcd02c11012fa8a0c7ba7e4a64babce3b375854b8267b2313, output_sha256: e94167a24862b4dbcd02c11012fa8a0c7ba7e4a64babce3b375854b8267b2313}
- {path: bcf_governance/pack/template-repo/scripts/_bcf_runtime/ci_github_status.py, canonical_source: bcf_governance/tooling/ci_github_status.py, recipe_sha256: 5fa9cda3c75b3182c541e6a1dd754c3efcaa862c56f9ee83553dcec3869abcb6, source_sha256: 834934a44c7e50e3205a9a8e3345a6b53ec1a6fb0f99f4986a4e89fbc4a39e14, output_sha256: 834934a44c7e50e3205a9a8e3345a6b53ec1a6fb0f99f4986a4e89fbc4a39e14}
- {path: bcf_governance/pack/template-repo/scripts/_bcf_runtime/ci_graph_contracts.py, canonical_source: bcf_governance/tooling/ci_graph_contracts.py, recipe_sha256: 5fa9cda3c75b3182c541e6a1dd754c3efcaa862c56f9ee83553dcec3869abcb6, source_sha256: 76fae94d7081106f191b675075539f47a4bea637612b5d99eac421f3bb46cae0, output_sha256: 76fae94d7081106f191b675075539f47a4bea637612b5d99eac421f3bb46cae0}
- {path: bcf_governance/pack/template-repo/scripts/_bcf_runtime/ci_graph_render.py, canonical_source: bcf_governance/tooling/ci_graph_render.py, recipe_sha256: 5fa9cda3c75b3182c541e6a1dd754c3efcaa862c56f9ee83553dcec3869abcb6, source_sha256: 597ebc6e08ed18f5ab6c2f2c3a919f19d8fbf947c10c397f8ca4fa1f55ad5d5e, output_sha256: 597ebc6e08ed18f5ab6c2f2c3a919f19d8fbf947c10c397f8ca4fa1f55ad5d5e}
- {path: bcf_governance/pack/template-repo/scripts/_bcf_runtime/cleanup_ci_resources.py, canonical_source: bcf_governance/tooling/cleanup_ci_resources.py, recipe_sha256: 5fa9cda3c75b3182c541e6a1dd754c3efcaa862c56f9ee83553dcec3869abcb6, source_sha256: 057849fa89988340e629eafee09fb171b83b0003145c0331c10e3a8b1f2b953e, output_sha256: 057849fa89988340e629eafee09fb171b83b0003145c0331c10e3a8b1f2b953e}
- {path: bcf_governance/pack/template-repo/scripts/_bcf_runtime/evidence_sessions.py, canonical_source: bcf_governance/tooling/evidence_sessions.py, recipe_sha256: 5fa9cda3c75b3182c541e6a1dd754c3efcaa862c56f9ee83553dcec3869abcb6, source_sha256: 4903063250108595ffa299d11a6db46596e8b985bbf018db5839bf3f0baf6565, output_sha256: 4903063250108595ffa299d11a6db46596e8b985bbf018db5839bf3f0baf6565}
- {path: bcf_governance/pack/template-repo/scripts/_bcf_runtime/evidence_storage_archives.py, canonical_source: bcf_governance/tooling/evidence_storage_archives.py, recipe_sha256: 5fa9cda3c75b3182c541e6a1dd754c3efcaa862c56f9ee83553dcec3869abcb6, source_sha256: 68977d722a513a7d7dc76e79a3c3fe14651bfe037e234ce034a42cf7fe6490c8, output_sha256: 68977d722a513a7d7dc76e79a3c3fe14651bfe037e234ce034a42cf7fe6490c8}
- {path: bcf_governance/pack/template-repo/scripts/_bcf_runtime/evidence_storage_commands.py, canonical_source: bcf_governance/tooling/evidence_storage_commands.py, recipe_sha256: 5fa9cda3c75b3182c541e6a1dd754c3efcaa862c56f9ee83553dcec3869abcb6, source_sha256: 23a97228642d518586a915f049ce9caad68f94ce2172db26e1d1c13bee4d207d, output_sha256: 23a97228642d518586a915f049ce9caad68f94ce2172db26e1d1c13bee4d207d}
- {path: bcf_governance/pack/template-repo/scripts/_bcf_runtime/evidence_storage_contracts.py, canonical_source: bcf_governance/tooling/evidence_storage_contracts.py, recipe_sha256: 5fa9cda3c75b3182c541e6a1dd754c3efcaa862c56f9ee83553dcec3869abcb6, source_sha256: ea29e75515f1566f6d4153989e48ec0683623b17222d3474db70ec0e3fdaf3fb, output_sha256: ea29e75515f1566f6d4153989e48ec0683623b17222d3474db70ec0e3fdaf3fb}
- {path: bcf_governance/pack/template-repo/scripts/_bcf_runtime/evidence_storage_github.py, canonical_source: bcf_governance/tooling/evidence_storage_github.py, recipe_sha256: 5fa9cda3c75b3182c541e6a1dd754c3efcaa862c56f9ee83553dcec3869abcb6, source_sha256: a9ea36fb198ef3a5362a64243bc1628fed37acec751f1dfe25ae903afca08917, output_sha256: a9ea36fb198ef3a5362a64243bc1628fed37acec751f1dfe25ae903afca08917}
- {path: bcf_governance/pack/template-repo/scripts/_bcf_runtime/evidence_storage_github_api.py, canonical_source: bcf_governance/tooling/evidence_storage_github_api.py, recipe_sha256: 5fa9cda3c75b3182c541e6a1dd754c3efcaa862c56f9ee83553dcec3869abcb6, source_sha256: 27fce2ff8242c18411022e99d236a318bba9ff070f5b30902ac9ccc3346e938d, output_sha256: 27fce2ff8242c18411022e99d236a318bba9ff070f5b30902ac9ccc3346e938d}
- {path: bcf_governance/pack/template-repo/scripts/_bcf_runtime/evidence_storage_github_releases.py, canonical_source: bcf_governance/tooling/evidence_storage_github_releases.py, recipe_sha256: 5fa9cda3c75b3182c541e6a1dd754c3efcaa862c56f9ee83553dcec3869abcb6, source_sha256: 9282a9e993b73c341d62315bd73b8260ff8e259d15e7442929469acdc3ade4d6, output_sha256: 9282a9e993b73c341d62315bd73b8260ff8e259d15e7442929469acdc3ade4d6}
- {path: bcf_governance/pack/template-repo/scripts/_bcf_runtime/evidence_storage_graph.py, canonical_source: bcf_governance/tooling/evidence_storage_graph.py, recipe_sha256: 5fa9cda3c75b3182c541e6a1dd754c3efcaa862c56f9ee83553dcec3869abcb6, source_sha256: 437e66e79996bd49da256db984e9e041d640a9665a38deebe5556261eb3e6edf, output_sha256: 437e66e79996bd49da256db984e9e041d640a9665a38deebe5556261eb3e6edf}
- {path: bcf_governance/pack/template-repo/scripts/_bcf_runtime/evidence_storage_manifests.py, canonical_source: bcf_governance/tooling/evidence_storage_manifests.py, recipe_sha256: 5fa9cda3c75b3182c541e6a1dd754c3efcaa862c56f9ee83553dcec3869abcb6, source_sha256: 7c43350a47f52d88f4a1dc354aae75eb420a7ffe6a29809e212978302a38c7d9, output_sha256: 7c43350a47f52d88f4a1dc354aae75eb420a7ffe6a29809e212978302a38c7d9}
- {path: bcf_governance/pack/template-repo/scripts/_bcf_runtime/evidence_storage_materialized.py, canonical_source: bcf_governance/tooling/evidence_storage_materialized.py, recipe_sha256: 5fa9cda3c75b3182c541e6a1dd754c3efcaa862c56f9ee83553dcec3869abcb6, source_sha256: 16bb2548ab6a4db486816f946768c262c541c6899ba3d45fa6c998a3633c5bb0, output_sha256: 16bb2548ab6a4db486816f946768c262c541c6899ba3d45fa6c998a3633c5bb0}
- {path: bcf_governance/pack/template-repo/scripts/_bcf_runtime/evidence_storage_projection.py, canonical_source: bcf_governance/tooling/evidence_storage_projection.py, recipe_sha256: 5fa9cda3c75b3182c541e6a1dd754c3efcaa862c56f9ee83553dcec3869abcb6, source_sha256: 048fb2ba958e2814f412ae6e0894dfa5bc777f64d930bb0008a281ce094a9859, output_sha256: 048fb2ba958e2814f412ae6e0894dfa5bc777f64d930bb0008a281ce094a9859}
- {path: bcf_governance/pack/template-repo/scripts/_bcf_runtime/evidence_storage_retention.py, canonical_source: bcf_governance/tooling/evidence_storage_retention.py, recipe_sha256: 5fa9cda3c75b3182c541e6a1dd754c3efcaa862c56f9ee83553dcec3869abcb6, source_sha256: 45aaff23384ad01338463f3c380bd8e4ae318b4ae65d14421e4a3c2a58982975, output_sha256: 45aaff23384ad01338463f3c380bd8e4ae318b4ae65d14421e4a3c2a58982975}
- {path: bcf_governance/pack/template-repo/scripts/_bcf_runtime/governance_validation/audit_artifacts.py, canonical_source: bcf_governance/tooling/governance_validation/audit_artifacts.py, recipe_sha256: 5fa9cda3c75b3182c541e6a1dd754c3efcaa862c56f9ee83553dcec3869abcb6, source_sha256: 0a93820ac7203468085dee03e7af85e3dae650ad4a94dda4f4585267a7891ddc, output_sha256: 0a93820ac7203468085dee03e7af85e3dae650ad4a94dda4f4585267a7891ddc}
- {path: bcf_governance/pack/template-repo/scripts/_bcf_runtime/local_pr.py, canonical_source: bcf_governance/tooling/local_pr.py, recipe_sha256: 5fa9cda3c75b3182c541e6a1dd754c3efcaa862c56f9ee83553dcec3869abcb6, source_sha256: a9142bfce5c1bc9c80a29711fff9c921b42d5919d31ac9086b7fd2172fa933d2, output_sha256: a9142bfce5c1bc9c80a29711fff9c921b42d5919d31ac9086b7fd2172fa933d2}
- {path: bcf_governance/pack/template-repo/scripts/_bcf_runtime/public_contracts.py, canonical_source: bcf_governance/tooling/public_contracts.py, recipe_sha256: 5fa9cda3c75b3182c541e6a1dd754c3efcaa862c56f9ee83553dcec3869abcb6, source_sha256: 49c7a94491c86307d3ea34b67a61470e322853cff7cba1e19d27ba5eb107612c, output_sha256: 49c7a94491c86307d3ea34b67a61470e322853cff7cba1e19d27ba5eb107612c}
- {path: bcf_governance/pack/template-repo/scripts/_bcf_runtime/release_receipts.py, canonical_source: bcf_governance/tooling/release_receipts.py, recipe_sha256: 5fa9cda3c75b3182c541e6a1dd754c3efcaa862c56f9ee83553dcec3869abcb6, source_sha256: cf6bdc2ad7c95b3eda7aa692399fd18a589719d20bf071f0579ac8be98df3e60, output_sha256: cf6bdc2ad7c95b3eda7aa692399fd18a589719d20bf071f0579ac8be98df3e60}
- {path: bcf_governance/pack/template-repo/scripts/_bcf_runtime/runtime_capacity.py, canonical_source: bcf_governance/tooling/runtime_capacity.py, recipe_sha256: 5fa9cda3c75b3182c541e6a1dd754c3efcaa862c56f9ee83553dcec3869abcb6, source_sha256: dbcdb2af9e0dfd9ff5382775ff21b107548dd034c0cf21d2c4a25b83e4b19872, output_sha256: dbcdb2af9e0dfd9ff5382775ff21b107548dd034c0cf21d2c4a25b83e4b19872}
- {path: bcf_governance/pack/template-repo/scripts/_bcf_runtime/semantic_authority_contracts.py, canonical_source: bcf_governance/tooling/semantic_authority_contracts.py, recipe_sha256: 5fa9cda3c75b3182c541e6a1dd754c3efcaa862c56f9ee83553dcec3869abcb6, source_sha256: 08e95a19140acb6d088c58e94ab1a2366da5b139a8bc148411ded25ba7c4a5a5, output_sha256: 08e95a19140acb6d088c58e94ab1a2366da5b139a8bc148411ded25ba7c4a5a5}
- {path: bcf_governance/pack/template-repo/scripts/_bcf_runtime/semantic_authority_migrations.py, canonical_source: bcf_governance/tooling/semantic_authority_migrations.py, recipe_sha256: 5fa9cda3c75b3182c541e6a1dd754c3efcaa862c56f9ee83553dcec3869abcb6, source_sha256: 12757527bfde64e9b55bf0b7f456c77d84b9926d3d3f90e5506680350f1b173e, output_sha256: 12757527bfde64e9b55bf0b7f456c77d84b9926d3d3f90e5506680350f1b173e}
- {path: bcf_governance/pack/template-repo/scripts/_bcf_runtime/semantic_derivations.py, canonical_source: bcf_governance/tooling/semantic_derivations.py, recipe_sha256: 5fa9cda3c75b3182c541e6a1dd754c3efcaa862c56f9ee83553dcec3869abcb6, source_sha256: 6fc00883e23768c38d9afdd09bf3f8f5bcd643b73eda94c56fe6d77fefc07940, output_sha256: 6fc00883e23768c38d9afdd09bf3f8f5bcd643b73eda94c56fe6d77fefc07940}
- {path: bcf_governance/pack/template-repo/scripts/_bcf_runtime/semantic_operation_effects.py, canonical_source: bcf_governance/tooling/semantic_operation_effects.py, recipe_sha256: 5fa9cda3c75b3182c541e6a1dd754c3efcaa862c56f9ee83553dcec3869abcb6, source_sha256: 3f49741c7575c103fab2c3eff4997427a479c04ee1c82d48ea4e1d3450eddc2c, output_sha256: 3f49741c7575c103fab2c3eff4997427a479c04ee1c82d48ea4e1d3450eddc2c}
- {path: bcf_governance/pack/template-repo/scripts/_bcf_runtime/semantic_operation_typescript.py, canonical_source: bcf_governance/tooling/semantic_operation_typescript.py, recipe_sha256: 5fa9cda3c75b3182c541e6a1dd754c3efcaa862c56f9ee83553dcec3869abcb6, source_sha256: 070f1f0a40248d2154481c202b038a71d00733fe1c0e88cbec7d0c65090761c1, output_sha256: 070f1f0a40248d2154481c202b038a71d00733fe1c0e88cbec7d0c65090761c1}
- {path: bcf_governance/pack/template-repo/scripts/_bcf_runtime/semantic_ownership_inventory.py, canonical_source: bcf_governance/tooling/semantic_ownership_inventory.py, recipe_sha256: 5fa9cda3c75b3182c541e6a1dd754c3efcaa862c56f9ee83553dcec3869abcb6, source_sha256: 78bf11c0f554c10cd22515fc568fcbb3f083c54dd1f2257070f011faf84be30a, output_sha256: 78bf11c0f554c10cd22515fc568fcbb3f083c54dd1f2257070f011faf84be30a}
- {path: bcf_governance/pack/template-repo/scripts/_bcf_runtime/semantic_python_method_identity.py, canonical_source: bcf_governance/tooling/semantic_python_method_identity.py, recipe_sha256: 5fa9cda3c75b3182c541e6a1dd754c3efcaa862c56f9ee83553dcec3869abcb6, source_sha256: a8d0ba49ade34cebf8ccce8df7a75a6db98df25ba243a01720d6ff274c0a2917, output_sha256: a8d0ba49ade34cebf8ccce8df7a75a6db98df25ba243a01720d6ff274c0a2917}
- {path: bcf_governance/pack/template-repo/scripts/_bcf_runtime/trusted_inputs.py, canonical_source: bcf_governance/tooling/trusted_inputs.py, recipe_sha256: 5fa9cda3c75b3182c541e6a1dd754c3efcaa862c56f9ee83553dcec3869abcb6, source_sha256: 64a9454abe247230d5a66e020b569d28bd15ae20fecf6df391384379928d277c, output_sha256: 64a9454abe247230d5a66e020b569d28bd15ae20fecf6df391384379928d277c}
- {path: bcf_governance/pack/template-repo/scripts/_bcf_runtime/truth_receipts.py, canonical_source: bcf_governance/tooling/truth_receipts.py, recipe_sha256: 5fa9cda3c75b3182c541e6a1dd754c3efcaa862c56f9ee83553dcec3869abcb6, source_sha256: 9dc67f78523ffdfa6bfee0e5374b687c6b12639f8d2bc32db19e4154b2d7faed, output_sha256: 9dc67f78523ffdfa6bfee0e5374b687c6b12639f8d2bc32db19e4154b2d7faed}
- {path: template-repo/scripts/_bcf_runtime/check_governance_exposure.py, canonical_source: bcf_governance/tooling/check_governance_exposure.py, recipe_sha256: 5fa9cda3c75b3182c541e6a1dd754c3efcaa862c56f9ee83553dcec3869abcb6, source_sha256: 1cb6a99dfe62dee3defd3d08b87a9f2e0485d63c0bea5573cd58e7a4ebcc2168, output_sha256: 1cb6a99dfe62dee3defd3d08b87a9f2e0485d63c0bea5573cd58e7a4ebcc2168}
- {path: template-repo/scripts/_bcf_runtime/ci_authority_certification.py, canonical_source: bcf_governance/tooling/ci_authority_certification.py, recipe_sha256: 5fa9cda3c75b3182c541e6a1dd754c3efcaa862c56f9ee83553dcec3869abcb6, source_sha256: ddd9c118621c22aae4fdc0ea901dbfe6499832cf2d870285f711d4ea174cb924, output_sha256: ddd9c118621c22aae4fdc0ea901dbfe6499832cf2d870285f711d4ea174cb924}
- {path: template-repo/scripts/_bcf_runtime/ci_authority_contracts.py, canonical_source: bcf_governance/tooling/ci_authority_contracts.py, recipe_sha256: 5fa9cda3c75b3182c541e6a1dd754c3efcaa862c56f9ee83553dcec3869abcb6, source_sha256: 41ddc5c9ee21a68649e730f78fad3400d8b928e66b3580a958412273aa915fe2, output_sha256: 41ddc5c9ee21a68649e730f78fad3400d8b928e66b3580a958412273aa915fe2}
- {path: template-repo/scripts/_bcf_runtime/ci_authority_decisions.py, canonical_source: bcf_governance/tooling/ci_authority_decisions.py, recipe_sha256: 5fa9cda3c75b3182c541e6a1dd754c3efcaa862c56f9ee83553dcec3869abcb6, source_sha256: 77ef52a1f4d476a89ba20e8841a7f4d5986373ae9e59c227202046adcb0a2be3, output_sha256: 77ef52a1f4d476a89ba20e8841a7f4d5986373ae9e59c227202046adcb0a2be3}
- {path: template-repo/scripts/_bcf_runtime/ci_authority_pins.py, canonical_source: bcf_governance/tooling/ci_authority_pins.py, recipe_sha256: 5fa9cda3c75b3182c541e6a1dd754c3efcaa862c56f9ee83553dcec3869abcb6, source_sha256: 546e8a73d47ba8561039f689e86b19b45f3ecce73ee2aeabe14e02869ab93842, output_sha256: 546e8a73d47ba8561039f689e86b19b45f3ecce73ee2aeabe14e02869ab93842}
- {path: template-repo/scripts/_bcf_runtime/ci_authority_state.py, canonical_source: bcf_governance/tooling/ci_authority_state.py, recipe_sha256: 5fa9cda3c75b3182c541e6a1dd754c3efcaa862c56f9ee83553dcec3869abcb6, source_sha256: bab5772b54aba781f3298a40063be3349183a108487d92b3c3b0874764d22d4d, output_sha256: bab5772b54aba781f3298a40063be3349183a108487d92b3c3b0874764d22d4d}
- {path: template-repo/scripts/_bcf_runtime/ci_github.py, canonical_source: bcf_governance/tooling/ci_github.py, recipe_sha256: 5fa9cda3c75b3182c541e6a1dd754c3efcaa862c56f9ee83553dcec3869abcb6, source_sha256: 650dbaf16acbfe2e9f2555cd79f16608aa38bdfa3f0865efe4aea8a894234fa3, output_sha256: 650dbaf16acbfe2e9f2555cd79f16608aa38bdfa3f0865efe4aea8a894234fa3}
- {path: template-repo/scripts/_bcf_runtime/ci_github_artifacts.py, canonical_source: bcf_governance/tooling/ci_github_artifacts.py, recipe_sha256: 5fa9cda3c75b3182c541e6a1dd754c3efcaa862c56f9ee83553dcec3869abcb6, source_sha256: 1e39d11e915c947c416d93d5fdf9f99af7c405f038b7b8fd16e4fc4dc43b18f7, output_sha256: 1e39d11e915c947c416d93d5fdf9f99af7c405f038b7b8fd16e4fc4dc43b18f7}
- {path: template-repo/scripts/_bcf_runtime/ci_github_callbacks.py, canonical_source: bcf_governance/tooling/ci_github_callbacks.py, recipe_sha256: 5fa9cda3c75b3182c541e6a1dd754c3efcaa862c56f9ee83553dcec3869abcb6, source_sha256: bf95ea1d91af0b0167b01598333ea95c7d3d4d4299516772863a1cd5eaa98069, output_sha256: bf95ea1d91af0b0167b01598333ea95c7d3d4d4299516772863a1cd5eaa98069}
- {path: template-repo/scripts/_bcf_runtime/ci_github_canary.py, canonical_source: bcf_governance/tooling/ci_github_canary.py, recipe_sha256: 5fa9cda3c75b3182c541e6a1dd754c3efcaa862c56f9ee83553dcec3869abcb6, source_sha256: 5ca3ee10dadb7c43dcfe66b2e220f0ff607154db5eaaadea4d005cdc8b043749, output_sha256: 5ca3ee10dadb7c43dcfe66b2e220f0ff607154db5eaaadea4d005cdc8b043749}
- {path: template-repo/scripts/_bcf_runtime/ci_github_downloads.py, canonical_source: bcf_governance/tooling/ci_github_downloads.py, recipe_sha256: 5fa9cda3c75b3182c541e6a1dd754c3efcaa862c56f9ee83553dcec3869abcb6, source_sha256: 215afe9c81268eae13e3022af3020f8b7f8b0a839ffe4f5ca4b9186d41990054, output_sha256: 215afe9c81268eae13e3022af3020f8b7f8b0a839ffe4f5ca4b9186d41990054}
- {path: template-repo/scripts/_bcf_runtime/ci_github_identity.py, canonical_source: bcf_governance/tooling/ci_github_identity.py, recipe_sha256: 5fa9cda3c75b3182c541e6a1dd754c3efcaa862c56f9ee83553dcec3869abcb6, source_sha256: e94167a24862b4dbcd02c11012fa8a0c7ba7e4a64babce3b375854b8267b2313, output_sha256: e94167a24862b4dbcd02c11012fa8a0c7ba7e4a64babce3b375854b8267b2313}
- {path: template-repo/scripts/_bcf_runtime/ci_github_status.py, canonical_source: bcf_governance/tooling/ci_github_status.py, recipe_sha256: 5fa9cda3c75b3182c541e6a1dd754c3efcaa862c56f9ee83553dcec3869abcb6, source_sha256: 834934a44c7e50e3205a9a8e3345a6b53ec1a6fb0f99f4986a4e89fbc4a39e14, output_sha256: 834934a44c7e50e3205a9a8e3345a6b53ec1a6fb0f99f4986a4e89fbc4a39e14}
- {path: template-repo/scripts/_bcf_runtime/ci_graph_contracts.py, canonical_source: bcf_governance/tooling/ci_graph_contracts.py, recipe_sha256: 5fa9cda3c75b3182c541e6a1dd754c3efcaa862c56f9ee83553dcec3869abcb6, source_sha256: 76fae94d7081106f191b675075539f47a4bea637612b5d99eac421f3bb46cae0, output_sha256: 76fae94d7081106f191b675075539f47a4bea637612b5d99eac421f3bb46cae0}
- {path: template-repo/scripts/_bcf_runtime/ci_graph_render.py, canonical_source: bcf_governance/tooling/ci_graph_render.py, recipe_sha256: 5fa9cda3c75b3182c541e6a1dd754c3efcaa862c56f9ee83553dcec3869abcb6, source_sha256: 597ebc6e08ed18f5ab6c2f2c3a919f19d8fbf947c10c397f8ca4fa1f55ad5d5e, output_sha256: 597ebc6e08ed18f5ab6c2f2c3a919f19d8fbf947c10c397f8ca4fa1f55ad5d5e}
- {path: template-repo/scripts/_bcf_runtime/cleanup_ci_resources.py, canonical_source: bcf_governance/tooling/cleanup_ci_resources.py, recipe_sha256: 5fa9cda3c75b3182c541e6a1dd754c3efcaa862c56f9ee83553dcec3869abcb6, source_sha256: 057849fa89988340e629eafee09fb171b83b0003145c0331c10e3a8b1f2b953e, output_sha256: 057849fa89988340e629eafee09fb171b83b0003145c0331c10e3a8b1f2b953e}
- {path: template-repo/scripts/_bcf_runtime/evidence_sessions.py, canonical_source: bcf_governance/tooling/evidence_sessions.py, recipe_sha256: 5fa9cda3c75b3182c541e6a1dd754c3efcaa862c56f9ee83553dcec3869abcb6, source_sha256: 4903063250108595ffa299d11a6db46596e8b985bbf018db5839bf3f0baf6565, output_sha256: 4903063250108595ffa299d11a6db46596e8b985bbf018db5839bf3f0baf6565}
- {path: template-repo/scripts/_bcf_runtime/evidence_storage_archives.py, canonical_source: bcf_governance/tooling/evidence_storage_archives.py, recipe_sha256: 5fa9cda3c75b3182c541e6a1dd754c3efcaa862c56f9ee83553dcec3869abcb6, source_sha256: 68977d722a513a7d7dc76e79a3c3fe14651bfe037e234ce034a42cf7fe6490c8, output_sha256: 68977d722a513a7d7dc76e79a3c3fe14651bfe037e234ce034a42cf7fe6490c8}
- {path: template-repo/scripts/_bcf_runtime/evidence_storage_commands.py, canonical_source: bcf_governance/tooling/evidence_storage_commands.py, recipe_sha256: 5fa9cda3c75b3182c541e6a1dd754c3efcaa862c56f9ee83553dcec3869abcb6, source_sha256: 23a97228642d518586a915f049ce9caad68f94ce2172db26e1d1c13bee4d207d, output_sha256: 23a97228642d518586a915f049ce9caad68f94ce2172db26e1d1c13bee4d207d}
- {path: template-repo/scripts/_bcf_runtime/evidence_storage_contracts.py, canonical_source: bcf_governance/tooling/evidence_storage_contracts.py, recipe_sha256: 5fa9cda3c75b3182c541e6a1dd754c3efcaa862c56f9ee83553dcec3869abcb6, source_sha256: ea29e75515f1566f6d4153989e48ec0683623b17222d3474db70ec0e3fdaf3fb, output_sha256: ea29e75515f1566f6d4153989e48ec0683623b17222d3474db70ec0e3fdaf3fb}
- {path: template-repo/scripts/_bcf_runtime/evidence_storage_github.py, canonical_source: bcf_governance/tooling/evidence_storage_github.py, recipe_sha256: 5fa9cda3c75b3182c541e6a1dd754c3efcaa862c56f9ee83553dcec3869abcb6, source_sha256: a9ea36fb198ef3a5362a64243bc1628fed37acec751f1dfe25ae903afca08917, output_sha256: a9ea36fb198ef3a5362a64243bc1628fed37acec751f1dfe25ae903afca08917}
- {path: template-repo/scripts/_bcf_runtime/evidence_storage_github_api.py, canonical_source: bcf_governance/tooling/evidence_storage_github_api.py, recipe_sha256: 5fa9cda3c75b3182c541e6a1dd754c3efcaa862c56f9ee83553dcec3869abcb6, source_sha256: 27fce2ff8242c18411022e99d236a318bba9ff070f5b30902ac9ccc3346e938d, output_sha256: 27fce2ff8242c18411022e99d236a318bba9ff070f5b30902ac9ccc3346e938d}
- {path: template-repo/scripts/_bcf_runtime/evidence_storage_github_releases.py, canonical_source: bcf_governance/tooling/evidence_storage_github_releases.py, recipe_sha256: 5fa9cda3c75b3182c541e6a1dd754c3efcaa862c56f9ee83553dcec3869abcb6, source_sha256: 9282a9e993b73c341d62315bd73b8260ff8e259d15e7442929469acdc3ade4d6, output_sha256: 9282a9e993b73c341d62315bd73b8260ff8e259d15e7442929469acdc3ade4d6}
- {path: template-repo/scripts/_bcf_runtime/evidence_storage_graph.py, canonical_source: bcf_governance/tooling/evidence_storage_graph.py, recipe_sha256: 5fa9cda3c75b3182c541e6a1dd754c3efcaa862c56f9ee83553dcec3869abcb6, source_sha256: 437e66e79996bd49da256db984e9e041d640a9665a38deebe5556261eb3e6edf, output_sha256: 437e66e79996bd49da256db984e9e041d640a9665a38deebe5556261eb3e6edf}
- {path: template-repo/scripts/_bcf_runtime/evidence_storage_manifests.py, canonical_source: bcf_governance/tooling/evidence_storage_manifests.py, recipe_sha256: 5fa9cda3c75b3182c541e6a1dd754c3efcaa862c56f9ee83553dcec3869abcb6, source_sha256: 7c43350a47f52d88f4a1dc354aae75eb420a7ffe6a29809e212978302a38c7d9, output_sha256: 7c43350a47f52d88f4a1dc354aae75eb420a7ffe6a29809e212978302a38c7d9}
- {path: template-repo/scripts/_bcf_runtime/evidence_storage_materialized.py, canonical_source: bcf_governance/tooling/evidence_storage_materialized.py, recipe_sha256: 5fa9cda3c75b3182c541e6a1dd754c3efcaa862c56f9ee83553dcec3869abcb6, source_sha256: 16bb2548ab6a4db486816f946768c262c541c6899ba3d45fa6c998a3633c5bb0, output_sha256: 16bb2548ab6a4db486816f946768c262c541c6899ba3d45fa6c998a3633c5bb0}
- {path: template-repo/scripts/_bcf_runtime/evidence_storage_projection.py, canonical_source: bcf_governance/tooling/evidence_storage_projection.py, recipe_sha256: 5fa9cda3c75b3182c541e6a1dd754c3efcaa862c56f9ee83553dcec3869abcb6, source_sha256: 048fb2ba958e2814f412ae6e0894dfa5bc777f64d930bb0008a281ce094a9859, output_sha256: 048fb2ba958e2814f412ae6e0894dfa5bc777f64d930bb0008a281ce094a9859}
- {path: template-repo/scripts/_bcf_runtime/evidence_storage_retention.py, canonical_source: bcf_governance/tooling/evidence_storage_retention.py, recipe_sha256: 5fa9cda3c75b3182c541e6a1dd754c3efcaa862c56f9ee83553dcec3869abcb6, source_sha256: 45aaff23384ad01338463f3c380bd8e4ae318b4ae65d14421e4a3c2a58982975, output_sha256: 45aaff23384ad01338463f3c380bd8e4ae318b4ae65d14421e4a3c2a58982975}
- {path: template-repo/scripts/_bcf_runtime/governance_validation/audit_artifacts.py, canonical_source: bcf_governance/tooling/governance_validation/audit_artifacts.py, recipe_sha256: 5fa9cda3c75b3182c541e6a1dd754c3efcaa862c56f9ee83553dcec3869abcb6, source_sha256: 0a93820ac7203468085dee03e7af85e3dae650ad4a94dda4f4585267a7891ddc, output_sha256: 0a93820ac7203468085dee03e7af85e3dae650ad4a94dda4f4585267a7891ddc}
- {path: template-repo/scripts/_bcf_runtime/local_pr.py, canonical_source: bcf_governance/tooling/local_pr.py, recipe_sha256: 5fa9cda3c75b3182c541e6a1dd754c3efcaa862c56f9ee83553dcec3869abcb6, source_sha256: a9142bfce5c1bc9c80a29711fff9c921b42d5919d31ac9086b7fd2172fa933d2, output_sha256: a9142bfce5c1bc9c80a29711fff9c921b42d5919d31ac9086b7fd2172fa933d2}
- {path: template-repo/scripts/_bcf_runtime/public_contracts.py, canonical_source: bcf_governance/tooling/public_contracts.py, recipe_sha256: 5fa9cda3c75b3182c541e6a1dd754c3efcaa862c56f9ee83553dcec3869abcb6, source_sha256: 49c7a94491c86307d3ea34b67a61470e322853cff7cba1e19d27ba5eb107612c, output_sha256: 49c7a94491c86307d3ea34b67a61470e322853cff7cba1e19d27ba5eb107612c}
- {path: template-repo/scripts/_bcf_runtime/release_receipts.py, canonical_source: bcf_governance/tooling/release_receipts.py, recipe_sha256: 5fa9cda3c75b3182c541e6a1dd754c3efcaa862c56f9ee83553dcec3869abcb6, source_sha256: cf6bdc2ad7c95b3eda7aa692399fd18a589719d20bf071f0579ac8be98df3e60, output_sha256: cf6bdc2ad7c95b3eda7aa692399fd18a589719d20bf071f0579ac8be98df3e60}
- {path: template-repo/scripts/_bcf_runtime/runtime_capacity.py, canonical_source: bcf_governance/tooling/runtime_capacity.py, recipe_sha256: 5fa9cda3c75b3182c541e6a1dd754c3efcaa862c56f9ee83553dcec3869abcb6, source_sha256: dbcdb2af9e0dfd9ff5382775ff21b107548dd034c0cf21d2c4a25b83e4b19872, output_sha256: dbcdb2af9e0dfd9ff5382775ff21b107548dd034c0cf21d2c4a25b83e4b19872}
- {path: template-repo/scripts/_bcf_runtime/semantic_authority_contracts.py, canonical_source: bcf_governance/tooling/semantic_authority_contracts.py, recipe_sha256: 5fa9cda3c75b3182c541e6a1dd754c3efcaa862c56f9ee83553dcec3869abcb6, source_sha256: 08e95a19140acb6d088c58e94ab1a2366da5b139a8bc148411ded25ba7c4a5a5, output_sha256: 08e95a19140acb6d088c58e94ab1a2366da5b139a8bc148411ded25ba7c4a5a5}
- {path: template-repo/scripts/_bcf_runtime/semantic_authority_migrations.py, canonical_source: bcf_governance/tooling/semantic_authority_migrations.py, recipe_sha256: 5fa9cda3c75b3182c541e6a1dd754c3efcaa862c56f9ee83553dcec3869abcb6, source_sha256: 12757527bfde64e9b55bf0b7f456c77d84b9926d3d3f90e5506680350f1b173e, output_sha256: 12757527bfde64e9b55bf0b7f456c77d84b9926d3d3f90e5506680350f1b173e}
- {path: template-repo/scripts/_bcf_runtime/semantic_derivations.py, canonical_source: bcf_governance/tooling/semantic_derivations.py, recipe_sha256: 5fa9cda3c75b3182c541e6a1dd754c3efcaa862c56f9ee83553dcec3869abcb6, source_sha256: 6fc00883e23768c38d9afdd09bf3f8f5bcd643b73eda94c56fe6d77fefc07940, output_sha256: 6fc00883e23768c38d9afdd09bf3f8f5bcd643b73eda94c56fe6d77fefc07940}
- {path: template-repo/scripts/_bcf_runtime/semantic_operation_effects.py, canonical_source: bcf_governance/tooling/semantic_operation_effects.py, recipe_sha256: 5fa9cda3c75b3182c541e6a1dd754c3efcaa862c56f9ee83553dcec3869abcb6, source_sha256: 3f49741c7575c103fab2c3eff4997427a479c04ee1c82d48ea4e1d3450eddc2c, output_sha256: 3f49741c7575c103fab2c3eff4997427a479c04ee1c82d48ea4e1d3450eddc2c}
- {path: template-repo/scripts/_bcf_runtime/semantic_operation_typescript.py, canonical_source: bcf_governance/tooling/semantic_operation_typescript.py, recipe_sha256: 5fa9cda3c75b3182c541e6a1dd754c3efcaa862c56f9ee83553dcec3869abcb6, source_sha256: 070f1f0a40248d2154481c202b038a71d00733fe1c0e88cbec7d0c65090761c1, output_sha256: 070f1f0a40248d2154481c202b038a71d00733fe1c0e88cbec7d0c65090761c1}
- {path: template-repo/scripts/_bcf_runtime/semantic_ownership_inventory.py, canonical_source: bcf_governance/tooling/semantic_ownership_inventory.py, recipe_sha256: 5fa9cda3c75b3182c541e6a1dd754c3efcaa862c56f9ee83553dcec3869abcb6, source_sha256: 78bf11c0f554c10cd22515fc568fcbb3f083c54dd1f2257070f011faf84be30a, output_sha256: 78bf11c0f554c10cd22515fc568fcbb3f083c54dd1f2257070f011faf84be30a}
- {path: template-repo/scripts/_bcf_runtime/semantic_python_method_identity.py, canonical_source: bcf_governance/tooling/semantic_python_method_identity.py, recipe_sha256: 5fa9cda3c75b3182c541e6a1dd754c3efcaa862c56f9ee83553dcec3869abcb6, source_sha256: a8d0ba49ade34cebf8ccce8df7a75a6db98df25ba243a01720d6ff274c0a2917, output_sha256: a8d0ba49ade34cebf8ccce8df7a75a6db98df25ba243a01720d6ff274c0a2917}
- {path: template-repo/scripts/_bcf_runtime/trusted_inputs.py, canonical_source: bcf_governance/tooling/trusted_inputs.py, recipe_sha256: 5fa9cda3c75b3182c541e6a1dd754c3efcaa862c56f9ee83553dcec3869abcb6, source_sha256: 64a9454abe247230d5a66e020b569d28bd15ae20fecf6df391384379928d277c, output_sha256: 64a9454abe247230d5a66e020b569d28bd15ae20fecf6df391384379928d277c}
- {path: template-repo/scripts/_bcf_runtime/truth_receipts.py, canonical_source: bcf_governance/tooling/truth_receipts.py, recipe_sha256: 5fa9cda3c75b3182c541e6a1dd754c3efcaa862c56f9ee83553dcec3869abcb6, source_sha256: 9dc67f78523ffdfa6bfee0e5374b687c6b12639f8d2bc32db19e4154b2d7faed, output_sha256: 9dc67f78523ffdfa6bfee0e5374b687c6b12639f8d2bc32db19e4154b2d7faed}
